<?xml version="1.0" encoding="utf-8"?>
<Project ToolsVersion="4.0" xmlns="http://schemas.microsoft.com/developer/msbuild/2003">
  <ItemGroup>
    <Filter Include="Source Files">
      <UniqueIdentifier>{4FC737F1-C7A5-4376-A066-2A32D752A2FF}</UniqueIdentifier>
      <Extensions>cpp;c;cc;cxx;c++;cppm;ixx;def;odl;idl;hpj;bat;asm;asmx</Extensions>
    </Filter>
    <Filter Include="Header Files">
      <UniqueIdentifier>{93995380-89BD-4b04-88EB-625FBE52EBFB}</UniqueIdentifier>
      <Extensions>h;hh;hpp;hxx;h++;hm;inl;inc;ipp;xsd</Extensions>
    </Filter>
    <Filter Include="Resource Files">
      <UniqueIdentifier>{67DA6AB6-F800-4c08-8B7A-83BB121AAD01}</UniqueIdentifier>
      <Extensions>rc;ico;cur;bmp;dlg;rc2;rct;bin;rgs;gif;jpg;jpeg;jpe;resx;tiff;tif;png;wav;mfcribbon-ms</Extensions>
    </Filter>
    <Filter Include="Header Files\API">
      <UniqueIdentifier>{d5f653ed-0280-4914-97aa-8b49d8d057b7}</UniqueIdentifier>
    </Filter>
  </ItemGroup>
  <ItemGroup>
    <ClInclude Include="API_Headers\Animator.hpp">
      <Filter>Header Files</Filter>
    </ClInclude>
    <ClInclude Include="API_Headers\AudioSource.hpp">
      <Filter>Header Files</Filter>
    </ClInclude>
    <ClInclude Include="API_Headers\BehaviourScript.hpp">
      <Filter>Header Files</Filter>
    </ClInclude>
    <ClInclude Include="API_Headers\BoxCollider.hpp">
      <Filter>Header Files</Filter>
    </ClInclude>
    <ClInclude Include="API_Headers\Button.hpp">
      <Filter>Header Files</Filter>
    </ClInclude>
    <ClInclude Include="API_Headers\Camera.hpp">
      <Filter>Header Files</Filter>
    </ClInclude>
    <ClInclude Include="API_Headers\CircleCollider.hpp">
      <Filter>Header Files</Filter>
    </ClInclude>
    <ClInclude Include="API_Headers\Collider.hpp">
      <Filter>Header Files</Filter>
    </ClInclude>
    <ClInclude Include="API_Headers\Color.hpp">
      <Filter>Header Files</Filter>
    </ClInclude>
    <ClInclude Include="API_Headers\Component.hpp">
      <Filter>Header Files</Filter>
    </ClInclude>
    <ClInclude Include="API_Headers\Debug.hpp">
      <Filter>Header Files</Filter>
    </ClInclude>
    <ClInclude Include="API_Headers\Engine.hpp">
      <Filter>Header Files</Filter>
    </ClInclude>
    <ClInclude Include="API_Headers\GameObject.hpp">
      <Filter>Header Files</Filter>
    </ClInclude>
    <ClInclude Include="API_Headers\GlobalLight.hpp">
      <Filter>Header Files</Filter>
    </ClInclude>
    <ClInclude Include="API_Headers\IKeyListener.hpp">
      <Filter>Header Files</Filter>
    </ClInclude>
    <ClInclude Include="API_Headers\Image.hpp">
      <Filter>Header Files</Filter>
    </ClInclude>
    <ClInclude Include="API_Headers\IMouseListener.hpp">
      <Filter>Header Files</Filter>
    </ClInclude>
    <ClInclude Include="API_Headers\Input.hpp">
      <Filter>Header Files</Filter>
    </ClInclude>
    <ClInclude Include="API_Headers\InputField.hpp">
      <Filter>Header Files</Filter>
    </ClInclude>
    <ClInclude Include="API_Headers\Light.hpp">
      <Filter>Header Files</Filter>
    </ClInclude>
    <ClInclude Include="API_Headers\Point.hpp">
      <Filter>Header Files</Filter>
    </ClInclude>
    <ClInclude Include="API_Headers\PointLight.hpp">
      <Filter>Header Files</Filter>
    </ClInclude>
    <ClInclude Include="API_Headers\PolygonCollider.hpp">
      <Filter>Header Files</Filter>
    </ClInclude>
    <ClInclude Include="API_Headers\RigidBody.hpp">
      <Filter>Header Files</Filter>
    </ClInclude>
    <ClInclude Include="API_Headers\Scene.hpp">
      <Filter>Header Files</Filter>
    </ClInclude>
    <ClInclude Include="API_Headers\Spic.hpp">
      <Filter>Header Files</Filter>
    </ClInclude>
    <ClInclude Include="API_Headers\SpicHeader.hpp">
      <Filter>Header Files</Filter>
    </ClInclude>
    <ClInclude Include="API_Headers\Sprite.hpp">
      <Filter>Header Files</Filter>
    </ClInclude>
    <ClInclude Include="API_Headers\Text.hpp">
      <Filter>Header Files</Filter>
    </ClInclude>
    <ClInclude Include="API_Headers\Time.hpp">
      <Filter>Header Files</Filter>
    </ClInclude>
    <ClInclude Include="API_Headers\Transform.hpp">
      <Filter>Header Files</Filter>
    </ClInclude>
    <ClInclude Include="API_Headers\UIObject.hpp">
      <Filter>Header Files</Filter>
    </ClInclude>
    <ClInclude Include="Controller_Headers\EngineController.hpp">
      <Filter>Header Files</Filter>
    </ClInclude>
    <ClInclude Include="Facade_Headers\KeyFacade.hpp">
      <Filter>Header Files</Filter>
    </ClInclude>
    <ClInclude Include="Facade_Headers\Exceptions\GraphicsExceptions.hpp">
      <Filter>Header Files</Filter>
    </ClInclude>
    <ClInclude Include="Facade_Headers\CameraFacade.hpp">
      <Filter>Header Files</Filter>
    </ClInclude>
    <ClInclude Include="Facade_Headers\SceneFacade.hpp">
      <Filter>Header Files</Filter>
    </ClInclude>
    <ClInclude Include="Facade_Headers\ImageFacade.h">
      <Filter>Header Files</Filter>
    </ClInclude>
    <ClInclude Include="Facade_Headers\MouseFacade.hpp">
      <Filter>Header Files</Filter>
    </ClInclude>
    <ClInclude Include="Facade_Headers\Tileson\tileson.hpp">
      <Filter>Header Files</Filter>
    </ClInclude>
    <ClInclude Include="Facade_Headers\TiledFacade.hpp">
      <Filter>Header Files</Filter>
    </ClInclude>
  </ItemGroup>
  <ItemGroup>
    <ClCompile Include="API_Sources\Color.cpp">
      <Filter>Source Files</Filter>
    </ClCompile>
    <ClCompile Include="API_Sources\Engine.cpp">
      <Filter>Source Files</Filter>
    </ClCompile>
    <ClCompile Include="API_Sources\Time.cpp">
      <Filter>Source Files</Filter>
    </ClCompile>
    <ClCompile Include="Controller_Sources\EngineController.cpp">
      <Filter>Source Files</Filter>
    </ClCompile>
    <ClCompile Include="API_Sources\GameObject.cpp">
      <Filter>Source Files</Filter>
    </ClCompile>
    <ClCompile Include="API_Sources\Camera.cpp">
      <Filter>Source Files</Filter>
    </ClCompile>
    <ClCompile Include="API_Sources\Scene.cpp">
      <Filter>Source Files</Filter>
    </ClCompile>
    <ClCompile Include="Facade_Sources\CameraFacade.cpp">
      <Filter>Source Files</Filter>
    </ClCompile>
    <ClCompile Include="Facade_Sources\SceneFacade.cpp">
      <Filter>Source Files</Filter>
    </ClCompile>
    <ClCompile Include="Facade_Sources\ImageFacade.cpp">
      <Filter>Source Files</Filter>
    </ClCompile>
    <ClCompile Include="Facade_Sources\MouseFacade.cpp">
      <Filter>Source Files</Filter>
    </ClCompile>
    <ClCompile Include="Facade_Sources\KeyFacade.cpp">
      <Filter>Source Files</Filter>
    </ClCompile>
    <ClCompile Include="Facade_Sources\TiledFacade.cpp">
      <Filter>Source Files</Filter>
    </ClCompile>
  </ItemGroup>
  <ItemGroup>
    <Object Include="Debug\Color.obj" />
    <Object Include="Debug\Engine.obj" />
    <Object Include="Debug\Time.obj" />
  </ItemGroup>
  <ItemGroup>
    <Text Include="Debug\Spick_Engine.Build.CppClean.log" />
    <Text Include="Debug\Spick_Engine.log" />
    <Text Include="Debug\Spick_Engine.vcxproj.FileListAbsolute.txt" />
    <Text Include="Debug\vcpkg.applocal.log" />
  </ItemGroup>
  <ItemGroup>
    <None Include="Debug\Spick_Engine.dll.recipe" />
    <None Include="Debug\Spick_Engine.ilk" />
    <None Include="Debug\vc142.idb" />
    <None Include="Debug\vc142.pdb" />
  </ItemGroup>
</Project>