<?xml version="1.0" encoding="utf-8"?>
<Project ToolsVersion="4.0" xmlns="http://schemas.microsoft.com/developer/msbuild/2003">
  <ItemGroup>
    <Filter Include="Source Files">
      <UniqueIdentifier>{4FC737F1-C7A5-4376-A066-2A32D752A2FF}</UniqueIdentifier>
      <Extensions>cpp;c;cc;cxx;c++;cppm;ixx;def;odl;idl;hpj;bat;asm;asmx</Extensions>
    </Filter>
    <Filter Include="Header Files">
      <UniqueIdentifier>{93995380-89BD-4b04-88EB-625FBE52EBFB}</UniqueIdentifier>
      <Extensions>h;hh;hpp;hxx;h++;hm;inl;inc;ipp;xsd</Extensions>
    </Filter>
    <Filter Include="Resource Files">
      <UniqueIdentifier>{67DA6AB6-F800-4c08-8B7A-83BB121AAD01}</UniqueIdentifier>
      <Extensions>rc;ico;cur;bmp;dlg;rc2;rct;bin;rgs;gif;jpg;jpeg;jpe;resx;tiff;tif;png;wav;mfcribbon-ms</Extensions>
    </Filter>
    <Filter Include="Header Files\API">
      <UniqueIdentifier>{d5f653ed-0280-4914-97aa-8b49d8d057b7}</UniqueIdentifier>
    </Filter>
  </ItemGroup>
  <ItemGroup>
    <ClInclude Include="Animator.hpp">
      <Filter>Header Files\API</Filter>
    </ClInclude>
    <ClInclude Include="AudioSource.hpp">
      <Filter>Header Files\API</Filter>
    </ClInclude>
    <ClInclude Include="BehaviourScript.hpp">
      <Filter>Header Files\API</Filter>
    </ClInclude>
    <ClInclude Include="BoxCollider.hpp">
      <Filter>Header Files\API</Filter>
    </ClInclude>
    <ClInclude Include="Button.hpp">
      <Filter>Header Files\API</Filter>
    </ClInclude>
    <ClInclude Include="Camera.hpp">
      <Filter>Header Files\API</Filter>
    </ClInclude>
    <ClInclude Include="CircleCollider.hpp">
      <Filter>Header Files\API</Filter>
    </ClInclude>
    <ClInclude Include="Collider.hpp">
      <Filter>Header Files\API</Filter>
    </ClInclude>
    <ClInclude Include="Color.hpp">
      <Filter>Header Files\API</Filter>
    </ClInclude>
    <ClInclude Include="Component.hpp">
      <Filter>Header Files\API</Filter>
    </ClInclude>
    <ClInclude Include="Debug.hpp">
      <Filter>Header Files\API</Filter>
    </ClInclude>
    <ClInclude Include="Engine.hpp">
      <Filter>Header Files\API</Filter>
    </ClInclude>
    <ClInclude Include="GameObject.hpp">
      <Filter>Header Files\API</Filter>
    </ClInclude>
    <ClInclude Include="GlobalLight.hpp">
      <Filter>Header Files\API</Filter>
    </ClInclude>
    <ClInclude Include="IKeyListener.hpp">
      <Filter>Header Files\API</Filter>
    </ClInclude>
    <ClInclude Include="Image.hpp">
      <Filter>Header Files\API</Filter>
    </ClInclude>
    <ClInclude Include="IMouseListener.hpp">
      <Filter>Header Files\API</Filter>
    </ClInclude>
    <ClInclude Include="Input.hpp">
      <Filter>Header Files\API</Filter>
    </ClInclude>
    <ClInclude Include="InputField.hpp">
      <Filter>Header Files\API</Filter>
    </ClInclude>
    <ClInclude Include="Light.hpp">
      <Filter>Header Files\API</Filter>
    </ClInclude>
    <ClInclude Include="Point.hpp">
      <Filter>Header Files\API</Filter>
    </ClInclude>
    <ClInclude Include="PointLight.hpp">
      <Filter>Header Files\API</Filter>
    </ClInclude>
    <ClInclude Include="PolygonCollider.hpp">
      <Filter>Header Files\API</Filter>
    </ClInclude>
    <ClInclude Include="RigidBody.hpp">
      <Filter>Header Files\API</Filter>
    </ClInclude>
    <ClInclude Include="Scene.hpp">
      <Filter>Header Files\API</Filter>
    </ClInclude>
    <ClInclude Include="Spic.hpp">
      <Filter>Header Files\API</Filter>
    </ClInclude>
    <ClInclude Include="SpicHeader.hpp">
      <Filter>Header Files\API</Filter>
    </ClInclude>
    <ClInclude Include="Sprite.hpp">
      <Filter>Header Files\API</Filter>
    </ClInclude>
    <ClInclude Include="Text.hpp">
      <Filter>Header Files\API</Filter>
    </ClInclude>
    <ClInclude Include="Time.hpp">
      <Filter>Header Files\API</Filter>
    </ClInclude>
    <ClInclude Include="Transform.hpp">
      <Filter>Header Files\API</Filter>
    </ClInclude>
    <ClInclude Include="UIObject.hpp">
      <Filter>Header Files\API</Filter>
    </ClInclude>
  </ItemGroup>
  <ItemGroup>
    <ClCompile Include="Color.cpp">
      <Filter>Source Files</Filter>
    </ClCompile>
    <ClCompile Include="Time.cpp">
      <Filter>Source Files</Filter>
    </ClCompile>
    <ClCompile Include="Engine.cpp">
      <Filter>Source Files</Filter>
    </ClCompile>
  </ItemGroup>
</Project>