
Microsoft Visual Studio Solution File, Format Version 12.00
# Visual Studio Version 16
VisualStudioVersion = 16.0.31402.337
MinimumVisualStudioVersion = 10.0.40219.1
Project("{8BC9CEB8-8B4A-11D0-8D11-00A0C91BC942}") = "Spick_Engine", "Spick_Engine\Spick_Engine.vcxproj", "{FF4AAAEC-EF8C-482D-ADD0-75BA7692E842}"
EndProject
Project("{8BC9CEB8-8B4A-11D0-8D11-00A0C91BC942}") = "Spick_Tests", "Spick_Tests\Spick_Tests.vcxproj", "{A9B4506B-0F24-44E5-BDB2-2B8C6C2E26DE}"
EndProject
Global
	GlobalSection(SolutionConfigurationPlatforms) = preSolution
		Debug|x64 = Debug|x64
		Debug|x86 = Debug|x86
		Release|x64 = Release|x64
		Release|x86 = Release|x86
	EndGlobalSection
	GlobalSection(ProjectConfigurationPlatforms) = postSolution
		{FF4AAAEC-EF8C-482D-ADD0-75BA7692E842}.Debug|x64.ActiveCfg = Debug|x64
		{FF4AAAEC-EF8C-482D-ADD0-75BA7692E842}.Debug|x64.Build.0 = Debug|x64
		{FF4AAAEC-EF8C-482D-ADD0-75BA7692E842}.Debug|x86.ActiveCfg = Debug|Win32
		{FF4AAAEC-EF8C-482D-ADD0-75BA7692E842}.Debug|x86.Build.0 = Debug|Win32
		{FF4AAAEC-EF8C-482D-ADD0-75BA7692E842}.Release|x64.ActiveCfg = Release|x64
		{FF4AAAEC-EF8C-482D-ADD0-75BA7692E842}.Release|x64.Build.0 = Release|x64
		{FF4AAAEC-EF8C-482D-ADD0-75BA7692E842}.Release|x86.ActiveCfg = Release|Win32
		{FF4AAAEC-EF8C-482D-ADD0-75BA7692E842}.Release|x86.Build.0 = Release|Win32
		{A9B4506B-0F24-44E5-BDB2-2B8C6C2E26DE}.Debug|x64.ActiveCfg = Debug|x64
		{A9B4506B-0F24-44E5-BDB2-2B8C6C2E26DE}.Debug|x64.Build.0 = Debug|x64
		{A9B4506B-0F24-44E5-BDB2-2B8C6C2E26DE}.Debug|x86.ActiveCfg = Debug|Win32
		{A9B4506B-0F24-44E5-BDB2-2B8C6C2E26DE}.Debug|x86.Build.0 = Debug|Win32
		{A9B4506B-0F24-44E5-BDB2-2B8C6C2E26DE}.Release|x64.ActiveCfg = Release|x64
		{A9B4506B-0F24-44E5-BDB2-2B8C6C2E26DE}.Release|x64.Build.0 = Release|x64
		{A9B4506B-0F24-44E5-BDB2-2B8C6C2E26DE}.Release|x86.ActiveCfg = Release|Win32
		{A9B4506B-0F24-44E5-BDB2-2B8C6C2E26DE}.Release|x86.Build.0 = Release|Win32
	EndGlobalSection
	GlobalSection(SolutionProperties) = preSolution
		HideSolutionNode = FALSE
	EndGlobalSection
	GlobalSection(ExtensibilityGlobals) = postSolution
		SolutionGuid = {D436B94A-4AB1-4AB6-A714-1232EEE93460}
	EndGlobalSection
EndGlobal
